{
  "nodes": {
    "cc-proxy": {
      "inputs": {
        "nixpkgs": [
          "nixpkgs"
        ]
      },
      "locked": {
        "lastModified": 1788528898,
        "narHash": "sha256-ZTk8F5G5iWRGlcFDzhhFBvbLJvNBNahGkrtz6/rRg8A=",
        "owner": "sanketsudake",
        "repo": "cc-proxy",
        "rev": "99098fd8454cebcb78f6668cc5973a81bc30b067",
        "type": "github"
      },
      "original": {
        "owner": "sanketsudake",
        "repo": "cc-proxy",
        "type": "github"
      }
    },
    "chrome-cdp-cli": {
      "inputs": {
        "nixpkgs": [
          "nixpkgs"
        ]
      },
      "locked": {
        "lastModified": 1788528923,
        "narHash": "sha256-3VYFWkCkh2KjhprFie0XzRbWfzO0qzR8LI4lO1eT3ww=",
        "owner": "sanketsudake",
        "repo": "chrome-cdp-cli",
        "rev": "036f1f8683fe4bad7283f1f38511c87a31c2f9cf",
        "type": "github"
      },
      "original": {
        "owner": "sanketsudake",
        "repo": "chrome-cdp-cli",
        "type": "github"
      }
    },
    "go-portless": {
      "inputs": {
        "nixpkgs": [
          "nixpkgs"
        ]
      },
      "locked": {
        "lastModified": 1788528952,
        "narHash": "sha256-gMXwOdvITfHdLYt8Aoz8aCrD5ZxVs0dodBOSLXb4Juw=",
        "owner": "sanketsudake",
        "repo": "go-portless",
        "rev": "d771824944f39dd4dcb183aaf7e05debf02f6d3c",
        "type": "github"
      },
      "original": {
        "owner": "sanketsudake",
        "repo": "go-portless",
        "type": "github"
      }
    },
    "home-manager": {
      "inputs": {
        "nixpkgs": [
          "nixpkgs"
        ]
      },
      "locked": {
        "lastModified": 1788921139,
        "narHash": "sha256-2wRuvf9UDw1SYWtBcxNmxLeAtNU1i/hc1c0AKQHdvlM=",
        "owner": "nix-community",
        "repo": "home-manager",
        "rev": "a2dbe7c2c9333e8234ae8114c7f731784201d108",
        "type": "github"
      },
      "original": {
        "owner": "nix-community",
        "repo": "home-manager",
        "type": "github"
      }
    },
    "nix-darwin": {
      "inputs": {
        "nixpkgs": [
          "nixpkgs"
        ]
      },
      "locked": {
        "lastModified": 1786845137,
        "narHash": "sha256-oQFip+v0luP8NIxJzmiW4Wu8bILsbFWom5l0zonl8hQ=",
        "owner": "nix-darwin",
        "repo": "nix-darwin",
        "rev": "4cff07de74b50e64bdd68cd4e722ab5b6b35ee48",
        "type": "github"
      },
      "original": {
        "owner": "nix-darwin",
        "ref": "master",
        "repo": "nix-darwin",
        "type": "github"
      }
    },
    "nixpkgs": {
      "locked": {
        "lastModified": 1788894124,
        "narHash": "sha256-guyexwrrF5GBKqjO0eg9LNIvrXn4j2frNak63sDr8zg=",
        "owner": "NixOS",
        "repo": "nixpkgs",
        "rev": "da39501c8d0a093136854eddcd6927c8a8bb0d8f",
        "type": "github"
      },
      "original": {
        "owner": "NixOS",
        "ref": "nixpkgs-unstable",
        "repo": "nixpkgs",
        "type": "github"
      }
    },
    "root": {
      "inputs": {
        "cc-proxy": "cc-proxy",
        "chrome-cdp-cli": "chrome-cdp-cli",
        "go-portless": "go-portless",
        "home-manager": "home-manager",
        "nix-darwin": "nix-darwin",
        "nixpkgs": "nixpkgs"
      }
    }
  },
  "root": "root",
  "version": 7
}
