{
  "nodes": {
    "cc-proxy": {
      "inputs": {
        "nixpkgs": [
          "nixpkgs"
        ]
      },
      "locked": {
        "lastModified": 1788524026,
        "narHash": "sha256-+nEGq8aRq42oPAQ+zx9b7Ly2GAuAsENY/lr6D2TTjZY=",
        "owner": "sanketsudake",
        "repo": "cc-proxy",
        "rev": "8db5cfa1bebdbfc4a7ba8e5738f24433e15475af",
        "type": "github"
      },
      "original": {
        "owner": "sanketsudake",
        "repo": "cc-proxy",
        "type": "github"
      }
    },
    "chrome-cdp-cli": {
      "inputs": {
        "nixpkgs": [
          "nixpkgs"
        ]
      },
      "locked": {
        "lastModified": 1788524095,
        "narHash": "sha256-NrzN9Ma9CI9Gu82NoIw49udTOlgkOT2kePDwwXgUG9s=",
        "owner": "sanketsudake",
        "repo": "chrome-cdp-cli",
        "rev": "54d7701b02c21ef448e74857a4b8eb16477f804a",
        "type": "github"
      },
      "original": {
        "owner": "sanketsudake",
        "repo": "chrome-cdp-cli",
        "type": "github"
      }
    },
    "go-portless": {
      "inputs": {
        "nixpkgs": [
          "nixpkgs"
        ]
      },
      "locked": {
        "lastModified": 1788526242,
        "narHash": "sha256-Z8SXogzfDMTPKEQu2GS4kMUhJvHYewL6RFr1BLx2PkQ=",
        "owner": "sanketsudake",
        "repo": "go-portless",
        "rev": "2a5905c1318e99f39a7e1e24ee45d8965b43300c",
        "type": "github"
      },
      "original": {
        "owner": "sanketsudake",
        "repo": "go-portless",
        "type": "github"
      }
    },
    "home-manager": {
      "inputs": {
        "nixpkgs": [
          "nixpkgs"
        ]
      },
      "locked": {
        "lastModified": 1788487777,
        "narHash": "sha256-Ro/e1N4ZR8/XaFF+sF9SgfPK79HM5YNEppzFj8p+0Ak=",
        "owner": "nix-community",
        "repo": "home-manager",
        "rev": "693e8ce0fb240a73c116a03cfd7b19269c87af88",
        "type": "github"
      },
      "original": {
        "owner": "nix-community",
        "repo": "home-manager",
        "type": "github"
      }
    },
    "nix-darwin": {
      "inputs": {
        "nixpkgs": [
          "nixpkgs"
        ]
      },
      "locked": {
        "lastModified": 1786845137,
        "narHash": "sha256-oQFip+v0luP8NIxJzmiW4Wu8bILsbFWom5l0zonl8hQ=",
        "owner": "nix-darwin",
        "repo": "nix-darwin",
        "rev": "4cff07de74b50e64bdd68cd4e722ab5b6b35ee48",
        "type": "github"
      },
      "original": {
        "owner": "nix-darwin",
        "ref": "master",
        "repo": "nix-darwin",
        "type": "github"
      }
    },
    "nixpkgs": {
      "locked": {
        "lastModified": 1788372231,
        "narHash": "sha256-7aqErvrAEz/5OcPA5p3M+tVOqeYc4oJXkNIPXfCqxAw=",
        "owner": "NixOS",
        "repo": "nixpkgs",
        "rev": "9387b3fcc0c23c86661636da63faabad4235a0a6",
        "type": "github"
      },
      "original": {
        "owner": "NixOS",
        "ref": "nixpkgs-unstable",
        "repo": "nixpkgs",
        "type": "github"
      }
    },
    "root": {
      "inputs": {
        "cc-proxy": "cc-proxy",
        "chrome-cdp-cli": "chrome-cdp-cli",
        "go-portless": "go-portless",
        "home-manager": "home-manager",
        "nix-darwin": "nix-darwin",
        "nixpkgs": "nixpkgs"
      }
    }
  },
  "root": "root",
  "version": 7
}
