{
  "nodes": {
    "cc-proxy": {
      "inputs": {
        "nixpkgs": [
          "nixpkgs"
        ]
      },
      "locked": {
        "lastModified": 1788528898,
        "narHash": "sha256-ZTk8F5G5iWRGlcFDzhhFBvbLJvNBNahGkrtz6/rRg8A=",
        "owner": "sanketsudake",
        "repo": "cc-proxy",
        "rev": "99098fd8454cebcb78f6668cc5973a81bc30b067",
        "type": "github"
      },
      "original": {
        "owner": "sanketsudake",
        "repo": "cc-proxy",
        "type": "github"
      }
    },
    "chrome-cdp-cli": {
      "inputs": {
        "nixpkgs": [
          "nixpkgs"
        ]
      },
      "locked": {
        "lastModified": 1788528923,
        "narHash": "sha256-3VYFWkCkh2KjhprFie0XzRbWfzO0qzR8LI4lO1eT3ww=",
        "owner": "sanketsudake",
        "repo": "chrome-cdp-cli",
        "rev": "036f1f8683fe4bad7283f1f38511c87a31c2f9cf",
        "type": "github"
      },
      "original": {
        "owner": "sanketsudake",
        "repo": "chrome-cdp-cli",
        "type": "github"
      }
    },
    "go-portless": {
      "inputs": {
        "nixpkgs": [
          "nixpkgs"
        ]
      },
      "locked": {
        "lastModified": 1788528952,
        "narHash": "sha256-gMXwOdvITfHdLYt8Aoz8aCrD5ZxVs0dodBOSLXb4Juw=",
        "owner": "sanketsudake",
        "repo": "go-portless",
        "rev": "d771824944f39dd4dcb183aaf7e05debf02f6d3c",
        "type": "github"
      },
      "original": {
        "owner": "sanketsudake",
        "repo": "go-portless",
        "type": "github"
      }
    },
    "home-manager": {
      "inputs": {
        "nixpkgs": [
          "nixpkgs"
        ]
      },
      "locked": {
        "lastModified": 1789482455,
        "narHash": "sha256-pD3qVlQ4mUCFoTWrYtxecpSitQMsgJvJIN0FUIDZoEU=",
        "owner": "nix-community",
        "repo": "home-manager",
        "rev": "efa3ccb4c3cc90d832eab232976379058fa75aa3",
        "type": "github"
      },
      "original": {
        "owner": "nix-community",
        "repo": "home-manager",
        "type": "github"
      }
    },
    "nix-darwin": {
      "inputs": {
        "nixpkgs": [
          "nixpkgs"
        ]
      },
      "locked": {
        "lastModified": 1786845137,
        "narHash": "sha256-oQFip+v0luP8NIxJzmiW4Wu8bILsbFWom5l0zonl8hQ=",
        "owner": "nix-darwin",
        "repo": "nix-darwin",
        "rev": "4cff07de74b50e64bdd68cd4e722ab5b6b35ee48",
        "type": "github"
      },
      "original": {
        "owner": "nix-darwin",
        "ref": "master",
        "repo": "nix-darwin",
        "type": "github"
      }
    },
    "nixpkgs": {
      "locked": {
        "lastModified": 1789370336,
        "narHash": "sha256-6RSEDHIWQtesQKWSu5qRai8L2h4KgCgMEfJHstW99G4=",
        "owner": "NixOS",
        "repo": "nixpkgs",
        "rev": "c7def046b9a883d46974757852106483d741586f",
        "type": "github"
      },
      "original": {
        "owner": "NixOS",
        "ref": "nixpkgs-unstable",
        "repo": "nixpkgs",
        "type": "github"
      }
    },
    "root": {
      "inputs": {
        "cc-proxy": "cc-proxy",
        "chrome-cdp-cli": "chrome-cdp-cli",
        "go-portless": "go-portless",
        "home-manager": "home-manager",
        "nix-darwin": "nix-darwin",
        "nixpkgs": "nixpkgs"
      }
    }
  },
  "root": "root",
  "version": 7
}
